{
  "name": "DalchemistElectron",
  "version": "0.0.1",
  "lockfileVersion": 2,
  "requires": true,
  "packages": {
    "": {
      "name": "DalchemistElectron",
      "version": "0.0.1",
      "hasInstallScript": true,
      "license": "BSD-3-Clause",
      "dependencies": {
        "DalchemistElectron": "file:"
      }
    },
    "node_modules/DalchemistElectron": {
      "resolved": "",
      "link": true
    }
  },
  "dependencies": {
    "DalchemistElectron": {
      "version": "file:",
      "requires": {
        "DalchemistElectron": "file:"
      }
    }
  }
}
